
Microsoft Visual Studio Solution File, Format Version 12.00
# Visual Studio 15
VisualStudioVersion = 15.0.26228.10
MinimumVisualStudioVersion = 10.0.40219.1
Project("{FAE04EC0-301F-11D3-BF4B-00C04F79EFBC}") = "OpenTKLib", "ParticleGen\OpenTKLib\OpenTKLib.csproj", "{DF1F2330-134C-4EC6-A97C-3011D3072F0A}"
EndProject
Project("{2150E333-8FDC-42A3-9474-1A3956D46DE8}") = "ParticleGen", "ParticleGen", "{EB98ECCD-1E4B-4CEC-AA2B-268041EBF7B9}"
EndProject
Project("{FAE04EC0-301F-11D3-BF4B-00C04F79EFBC}") = "ParticleGen", "ParticleGen\ParticleGen\ParticleGen.csproj", "{9133D4AA-3113-455A-9C1B-CB8AE7BA6E98}"
EndProject
Project("{2150E333-8FDC-42A3-9474-1A3956D46DE8}") = "PluginSystem", "PluginSystem", "{C0C14ED1-D4B0-4EF6-9561-49B052491DC3}"
EndProject
Project("{2150E333-8FDC-42A3-9474-1A3956D46DE8}") = "Installers", "Installers", "{131CBA74-69F9-48B6-B864-57EA77C48BAB}"
EndProject
Project("{2150E333-8FDC-42A3-9474-1A3956D46DE8}") = "Plugins", "Plugins", "{0073F5BB-1F2A-4C03-B428-5D3A7BCFB3F7}"
EndProject
Project("{FAE04EC0-301F-11D3-BF4B-00C04F79EFBC}") = "PluginSys", "PluginSystem\PluginSys\PluginSys.csproj", "{759FBF7C-D540-46C3-BE9F-785DD12E18B1}"
EndProject
Project("{FAE04EC0-301F-11D3-BF4B-00C04F79EFBC}") = "PluginLib", "PluginSystem\PluginLib\PluginLib.csproj", "{54719BF4-93BC-43BC-89F6-27A2591AF1D6}"
EndProject
Project("{2150E333-8FDC-42A3-9474-1A3956D46DE8}") = "SystemPlugins", "SystemPlugins", "{4F31E137-5E9F-4B37-AE1C-2642EB9230A5}"
EndProject
Project("{2150E333-8FDC-42A3-9474-1A3956D46DE8}") = "Samples", "Samples", "{53068E7C-76FA-4F74-8541-E5A9EF3A0750}"
EndProject
Project("{FAE04EC0-301F-11D3-BF4B-00C04F79EFBC}") = "ParticleGenPlugin", "PluginSystem\Plugins\ParticleGenPlugin\ParticleGenPlugin.csproj", "{8C736881-821A-4DE4-B16F-48488B313D30}"
EndProject
Project("{FAE04EC0-301F-11D3-BF4B-00C04F79EFBC}") = "SamplePlugin", "PluginSystem\Plugins\Samples\SamplePlugin\SamplePlugin.csproj", "{C23B771C-9721-4DF2-BA07-1F5F9E0D4EB6}"
EndProject
Project("{FAE04EC0-301F-11D3-BF4B-00C04F79EFBC}") = "OptionsPlugin", "PluginSystem\Plugins\SystemPlugins\OptionsPlugin\OptionsPlugin.csproj", "{768BFBCE-EACC-4101-9B9D-1D8916A0097C}"
EndProject
Project("{2150E333-8FDC-42A3-9474-1A3956D46DE8}") = "Tests", "Tests", "{4C8EC469-55D5-4992-8B43-A85D1C07F985}"
EndProject
Global
	GlobalSection(SolutionConfigurationPlatforms) = preSolution
		Debug|Any CPU = Debug|Any CPU
		Release|Any CPU = Release|Any CPU
	EndGlobalSection
	GlobalSection(ProjectConfigurationPlatforms) = postSolution
		{DF1F2330-134C-4EC6-A97C-3011D3072F0A}.Debug|Any CPU.ActiveCfg = Debug|Any CPU
		{DF1F2330-134C-4EC6-A97C-3011D3072F0A}.Debug|Any CPU.Build.0 = Debug|Any CPU
		{DF1F2330-134C-4EC6-A97C-3011D3072F0A}.Release|Any CPU.ActiveCfg = Release|Any CPU
		{DF1F2330-134C-4EC6-A97C-3011D3072F0A}.Release|Any CPU.Build.0 = Release|Any CPU
		{9133D4AA-3113-455A-9C1B-CB8AE7BA6E98}.Debug|Any CPU.ActiveCfg = Debug|Any CPU
		{9133D4AA-3113-455A-9C1B-CB8AE7BA6E98}.Debug|Any CPU.Build.0 = Debug|Any CPU
		{9133D4AA-3113-455A-9C1B-CB8AE7BA6E98}.Release|Any CPU.ActiveCfg = Release|Any CPU
		{9133D4AA-3113-455A-9C1B-CB8AE7BA6E98}.Release|Any CPU.Build.0 = Release|Any CPU
		{759FBF7C-D540-46C3-BE9F-785DD12E18B1}.Debug|Any CPU.ActiveCfg = Debug|Any CPU
		{759FBF7C-D540-46C3-BE9F-785DD12E18B1}.Debug|Any CPU.Build.0 = Debug|Any CPU
		{759FBF7C-D540-46C3-BE9F-785DD12E18B1}.Release|Any CPU.ActiveCfg = Release|Any CPU
		{759FBF7C-D540-46C3-BE9F-785DD12E18B1}.Release|Any CPU.Build.0 = Release|Any CPU
		{54719BF4-93BC-43BC-89F6-27A2591AF1D6}.Debug|Any CPU.ActiveCfg = Debug|Any CPU
		{54719BF4-93BC-43BC-89F6-27A2591AF1D6}.Debug|Any CPU.Build.0 = Debug|Any CPU
		{54719BF4-93BC-43BC-89F6-27A2591AF1D6}.Release|Any CPU.ActiveCfg = Release|Any CPU
		{54719BF4-93BC-43BC-89F6-27A2591AF1D6}.Release|Any CPU.Build.0 = Release|Any CPU
		{8C736881-821A-4DE4-B16F-48488B313D30}.Debug|Any CPU.ActiveCfg = Debug|Any CPU
		{8C736881-821A-4DE4-B16F-48488B313D30}.Debug|Any CPU.Build.0 = Debug|Any CPU
		{8C736881-821A-4DE4-B16F-48488B313D30}.Release|Any CPU.ActiveCfg = Release|Any CPU
		{8C736881-821A-4DE4-B16F-48488B313D30}.Release|Any CPU.Build.0 = Release|Any CPU
		{C23B771C-9721-4DF2-BA07-1F5F9E0D4EB6}.Debug|Any CPU.ActiveCfg = Debug|Any CPU
		{C23B771C-9721-4DF2-BA07-1F5F9E0D4EB6}.Debug|Any CPU.Build.0 = Debug|Any CPU
		{C23B771C-9721-4DF2-BA07-1F5F9E0D4EB6}.Release|Any CPU.ActiveCfg = Release|Any CPU
		{C23B771C-9721-4DF2-BA07-1F5F9E0D4EB6}.Release|Any CPU.Build.0 = Release|Any CPU
		{768BFBCE-EACC-4101-9B9D-1D8916A0097C}.Debug|Any CPU.ActiveCfg = Debug|Any CPU
		{768BFBCE-EACC-4101-9B9D-1D8916A0097C}.Debug|Any CPU.Build.0 = Debug|Any CPU
		{768BFBCE-EACC-4101-9B9D-1D8916A0097C}.Release|Any CPU.ActiveCfg = Release|Any CPU
		{768BFBCE-EACC-4101-9B9D-1D8916A0097C}.Release|Any CPU.Build.0 = Release|Any CPU
	EndGlobalSection
	GlobalSection(SolutionProperties) = preSolution
		HideSolutionNode = FALSE
	EndGlobalSection
	GlobalSection(NestedProjects) = preSolution
		{DF1F2330-134C-4EC6-A97C-3011D3072F0A} = {EB98ECCD-1E4B-4CEC-AA2B-268041EBF7B9}
		{9133D4AA-3113-455A-9C1B-CB8AE7BA6E98} = {EB98ECCD-1E4B-4CEC-AA2B-268041EBF7B9}
		{131CBA74-69F9-48B6-B864-57EA77C48BAB} = {C0C14ED1-D4B0-4EF6-9561-49B052491DC3}
		{0073F5BB-1F2A-4C03-B428-5D3A7BCFB3F7} = {C0C14ED1-D4B0-4EF6-9561-49B052491DC3}
		{759FBF7C-D540-46C3-BE9F-785DD12E18B1} = {C0C14ED1-D4B0-4EF6-9561-49B052491DC3}
		{54719BF4-93BC-43BC-89F6-27A2591AF1D6} = {C0C14ED1-D4B0-4EF6-9561-49B052491DC3}
		{4F31E137-5E9F-4B37-AE1C-2642EB9230A5} = {0073F5BB-1F2A-4C03-B428-5D3A7BCFB3F7}
		{53068E7C-76FA-4F74-8541-E5A9EF3A0750} = {0073F5BB-1F2A-4C03-B428-5D3A7BCFB3F7}
		{8C736881-821A-4DE4-B16F-48488B313D30} = {0073F5BB-1F2A-4C03-B428-5D3A7BCFB3F7}
		{C23B771C-9721-4DF2-BA07-1F5F9E0D4EB6} = {53068E7C-76FA-4F74-8541-E5A9EF3A0750}
		{768BFBCE-EACC-4101-9B9D-1D8916A0097C} = {4F31E137-5E9F-4B37-AE1C-2642EB9230A5}
		{4C8EC469-55D5-4992-8B43-A85D1C07F985} = {C0C14ED1-D4B0-4EF6-9561-49B052491DC3}
	EndGlobalSection
EndGlobal
